
Microsoft Visual Studio Solution File, Format Version 11.00
# Visual Studio 2010
Project("{FAE04EC0-301F-11D3-BF4B-00C04F79EFBC}") = "TCPAndUDPTestTools", "TCPAndUDPTestTools\TCPAndUDPTestTools.csproj", "{F3825BD6-B4C9-4B94-8872-8AF97DF968CA}"
EndProject
Global
	GlobalSection(SolutionConfigurationPlatforms) = preSolution
		Debug|x86 = Debug|x86
		Release|x86 = Release|x86
	EndGlobalSection
	GlobalSection(ProjectConfigurationPlatforms) = postSolution
		{F3825BD6-B4C9-4B94-8872-8AF97DF968CA}.Debug|x86.ActiveCfg = Debug|x86
		{F3825BD6-B4C9-4B94-8872-8AF97DF968CA}.Debug|x86.Build.0 = Debug|x86
		{F3825BD6-B4C9-4B94-8872-8AF97DF968CA}.Release|x86.ActiveCfg = Release|x86
		{F3825BD6-B4C9-4B94-8872-8AF97DF968CA}.Release|x86.Build.0 = Release|x86
	EndGlobalSection
	GlobalSection(SolutionProperties) = preSolution
		HideSolutionNode = FALSE
	EndGlobalSection
EndGlobal
